<?xml version="1.0" encoding="utf-8"?>
<Project ToolsVersion="4.0" xmlns="http://schemas.microsoft.com/developer/msbuild/2003">
  <ItemGroup>
    <FxCompile Include="Resources\Shaders\ADSPixelShader.hlsl">
      <Filter>シェーダーファイル\ADS</Filter>
    </FxCompile>
    <FxCompile Include="Resources\Shaders\ADSVertexShader.hlsl">
      <Filter>シェーダーファイル\ADS</Filter>
    </FxCompile>
    <FxCompile Include="Resources\Shaders\FBXVertexShader.hlsl">
      <Filter>シェーダーファイル\FBX</Filter>
    </FxCompile>
    <FxCompile Include="Resources\Shaders\FBXPixelShader.hlsl">
      <Filter>シェーダーファイル\FBX</Filter>
    </FxCompile>
    <FxCompile Include="Resources\Shaders\MonochromaticVertexShader.hlsl">
      <Filter>シェーダーファイル\Mono</Filter>
    </FxCompile>
    <FxCompile Include="Resources\Shaders\MonochromaticPixelShader.hlsl">
      <Filter>シェーダーファイル\Mono</Filter>
    </FxCompile>
    <FxCompile Include="Resources\Shaders\PostEffectVS.hlsl">
      <Filter>シェーダーファイル\PostEffect</Filter>
    </FxCompile>
    <FxCompile Include="Resources\Shaders\PostEffectPS.hlsl">
      <Filter>シェーダーファイル\PostEffect</Filter>
    </FxCompile>
    <FxCompile Include="Resources\Shaders\ParticleVS.hlsl">
      <Filter>シェーダーファイル\Particle</Filter>
    </FxCompile>
    <FxCompile Include="Resources\Shaders\ParticlePS.hlsl">
      <Filter>シェーダーファイル\Particle</Filter>
    </FxCompile>
    <FxCompile Include="Resources\Shaders\ParticleGS.hlsl">
      <Filter>シェーダーファイル\Particle</Filter>
    </FxCompile>
    <FxCompile Include="Resources\Shaders\SpecularMapVertexShader.hlsl">
      <Filter>シェーダーファイル\Specular</Filter>
    </FxCompile>
    <FxCompile Include="Resources\Shaders\SpecularMapPixelShader.hlsl">
      <Filter>シェーダーファイル\Specular</Filter>
    </FxCompile>
    <FxCompile Include="Resources\Shaders\TextureBlendVertexShader.hlsl">
      <Filter>シェーダーファイル\Blend</Filter>
    </FxCompile>
    <FxCompile Include="Resources\Shaders\TextureBlendPixelShader.hlsl">
      <Filter>シェーダーファイル\Blend</Filter>
    </FxCompile>
    <FxCompile Include="Resources\Shaders\ToonVertexShader.hlsl">
      <Filter>シェーダーファイル\Toon</Filter>
    </FxCompile>
    <FxCompile Include="Resources\Shaders\ToonPixelShader.hlsl">
      <Filter>シェーダーファイル\Toon</Filter>
    </FxCompile>
    <FxCompile Include="Resources\Shaders\SpriteVS.hlsl">
      <Filter>シェーダーファイル\Sprite</Filter>
    </FxCompile>
    <FxCompile Include="Resources\Shaders\SpritePS.hlsl">
      <Filter>シェーダーファイル\Sprite</Filter>
    </FxCompile>
  </ItemGroup>
  <ItemGroup>
    <ClCompile Include="Audio\Audio.cpp">
      <Filter>ソースファイル&amp;ヘッダーファイル\Audio</Filter>
    </ClCompile>
    <ClCompile Include="Camera\Camera.cpp">
      <Filter>ソースファイル&amp;ヘッダーファイル\Camera</Filter>
    </ClCompile>
    <ClCompile Include="Collision\Collision.cpp">
      <Filter>ソースファイル&amp;ヘッダーファイル\Collision</Filter>
    </ClCompile>
    <ClCompile Include="Collision\CollisionPrimitive.cpp">
      <Filter>ソースファイル&amp;ヘッダーファイル\Collision</Filter>
    </ClCompile>
    <ClCompile Include="DebugText\DebugText.cpp">
      <Filter>ソースファイル&amp;ヘッダーファイル\DebugText</Filter>
    </ClCompile>
    <ClCompile Include="DirectXCommon\DirectXCommon.cpp">
      <Filter>ソースファイル&amp;ヘッダーファイル\DirectXCommon</Filter>
    </ClCompile>
    <ClCompile Include="Scene\GamePlayScene.cpp">
      <Filter>ソースファイル&amp;ヘッダーファイル\Scene\Game</Filter>
    </ClCompile>
    <ClCompile Include="Scene\TitleScene.cpp">
      <Filter>ソースファイル&amp;ヘッダーファイル\Scene\Game</Filter>
    </ClCompile>
    <ClCompile Include="Input\Input.cpp">
      <Filter>ソースファイル&amp;ヘッダーファイル\Input</Filter>
    </ClCompile>
    <ClCompile Include="Base\FrameWork.cpp">
      <Filter>ソースファイル&amp;ヘッダーファイル\Base</Filter>
    </ClCompile>
    <ClCompile Include="main.cpp">
      <Filter>ソースファイル&amp;ヘッダーファイル\Base</Filter>
    </ClCompile>
    <ClCompile Include="DirectXCommon\PipelineManager.cpp">
      <Filter>ソースファイル&amp;ヘッダーファイル\DirectXCommon</Filter>
    </ClCompile>
    <ClCompile Include="Effect\PostEffect.cpp">
      <Filter>ソースファイル&amp;ヘッダーファイル\PostEffect</Filter>
    </ClCompile>
    <ClCompile Include="Light\Light.cpp">
      <Filter>ソースファイル&amp;ヘッダーファイル\Light</Filter>
    </ClCompile>
    <ClCompile Include="Light\LightGroup.cpp">
      <Filter>ソースファイル&amp;ヘッダーファイル\Light</Filter>
    </ClCompile>
    <ClCompile Include="Base\OnoGame.cpp">
      <Filter>ソースファイル&amp;ヘッダーファイル\Base</Filter>
    </ClCompile>
    <ClCompile Include="Effect\ParticleManager.cpp">
      <Filter>ソースファイル&amp;ヘッダーファイル\Particle</Filter>
    </ClCompile>
    <ClCompile Include="Scene\SceneFactory.cpp">
      <Filter>ソースファイル&amp;ヘッダーファイル\Scene\Others</Filter>
    </ClCompile>
    <ClCompile Include="Scene\SceneManager.cpp">
      <Filter>ソースファイル&amp;ヘッダーファイル\Scene\Others</Filter>
    </ClCompile>
    <ClCompile Include="2D\Sprite.cpp">
      <Filter>ソースファイル&amp;ヘッダーファイル\Object\2D</Filter>
    </ClCompile>
    <ClCompile Include="Window\WinApp.cpp">
      <Filter>ソースファイル&amp;ヘッダーファイル\WinApp</Filter>
    </ClCompile>
    <ClCompile Include="3D\Model.cpp">
      <Filter>ソースファイル&amp;ヘッダーファイル\Object\3D\OBJ</Filter>
    </ClCompile>
    <ClCompile Include="3D\Object3d.cpp">
      <Filter>ソースファイル&amp;ヘッダーファイル\Object\3D\OBJ</Filter>
    </ClCompile>
    <ClCompile Include="Scene\EndScene.cpp">
      <Filter>ソースファイル&amp;ヘッダーファイル\Scene\Game</Filter>
    </ClCompile>
  </ItemGroup>
  <ItemGroup>
    <ClInclude Include="Audio\Audio.h">
      <Filter>ソースファイル&amp;ヘッダーファイル\Audio</Filter>
    </ClInclude>
    <ClInclude Include="Camera\Camera.h">
      <Filter>ソースファイル&amp;ヘッダーファイル\Camera</Filter>
    </ClInclude>
    <ClInclude Include="Collision\Collision.h">
      <Filter>ソースファイル&amp;ヘッダーファイル\Collision</Filter>
    </ClInclude>
    <ClInclude Include="Collision\CollisionInfo.h">
      <Filter>ソースファイル&amp;ヘッダーファイル\Collision</Filter>
    </ClInclude>
    <ClInclude Include="Collision\CollisionPrimitive.h">
      <Filter>ソースファイル&amp;ヘッダーファイル\Collision</Filter>
    </ClInclude>
    <ClInclude Include="Collision\CollisionType.h">
      <Filter>ソースファイル&amp;ヘッダーファイル\Collision</Filter>
    </ClInclude>
    <ClInclude Include="DebugText\DebugText.h">
      <Filter>ソースファイル&amp;ヘッダーファイル\DebugText</Filter>
    </ClInclude>
    <ClInclude Include="DirectXCommon\DirectXCommon.h">
      <Filter>ソースファイル&amp;ヘッダーファイル\DirectXCommon</Filter>
    </ClInclude>
    <ClInclude Include="Scene\GamePlayScene.h">
      <Filter>ソースファイル&amp;ヘッダーファイル\Scene\Game</Filter>
    </ClInclude>
    <ClInclude Include="Scene\TitleScene.h">
      <Filter>ソースファイル&amp;ヘッダーファイル\Scene\Game</Filter>
    </ClInclude>
    <ClInclude Include="Input\InputList.h">
      <Filter>ソースファイル&amp;ヘッダーファイル\Input</Filter>
    </ClInclude>
    <ClInclude Include="Input\Input.h">
      <Filter>ソースファイル&amp;ヘッダーファイル\Input</Filter>
    </ClInclude>
    <ClInclude Include="Base\FrameWork.h">
      <Filter>ソースファイル&amp;ヘッダーファイル\Base</Filter>
    </ClInclude>
    <ClInclude Include="Scene\BaseScene.h">
      <Filter>ソースファイル&amp;ヘッダーファイル\Scene\Others</Filter>
    </ClInclude>
    <ClInclude Include="DirectXCommon\PipelineManager.h">
      <Filter>ソースファイル&amp;ヘッダーファイル\DirectXCommon</Filter>
    </ClInclude>
    <ClInclude Include="lib\SafeDelete.h">
      <Filter>ソースファイル&amp;ヘッダーファイル\Lib</Filter>
    </ClInclude>
    <ClInclude Include="Effect\PostEffect.h">
      <Filter>ソースファイル&amp;ヘッダーファイル\PostEffect</Filter>
    </ClInclude>
    <ClInclude Include="Light\Light.h">
      <Filter>ソースファイル&amp;ヘッダーファイル\Light</Filter>
    </ClInclude>
    <ClInclude Include="Light\LightGroup.h">
      <Filter>ソースファイル&amp;ヘッダーファイル\Light</Filter>
    </ClInclude>
    <ClInclude Include="Collision\BaseCollider.h">
      <Filter>ソースファイル&amp;ヘッダーファイル\Collision</Filter>
    </ClInclude>
    <ClInclude Include="Base\OnoGame.h">
      <Filter>ソースファイル&amp;ヘッダーファイル\Base</Filter>
    </ClInclude>
    <ClInclude Include="Effect\ParticleManager.h">
      <Filter>ソースファイル&amp;ヘッダーファイル\Particle</Filter>
    </ClInclude>
    <ClInclude Include="Scene\SceneManager.h">
      <Filter>ソースファイル&amp;ヘッダーファイル\Scene\Others</Filter>
    </ClInclude>
    <ClInclude Include="Scene\SceneFactory.h">
      <Filter>ソースファイル&amp;ヘッダーファイル\Scene\Others</Filter>
    </ClInclude>
    <ClInclude Include="Scene\AbstractSceneFactory.h">
      <Filter>ソースファイル&amp;ヘッダーファイル\Scene\Others</Filter>
    </ClInclude>
    <ClInclude Include="Light\PointLight.h">
      <Filter>ソースファイル&amp;ヘッダーファイル\Light</Filter>
    </ClInclude>
    <ClInclude Include="2D\Sprite.h">
      <Filter>ソースファイル&amp;ヘッダーファイル\Object\2D</Filter>
    </ClInclude>
    <ClInclude Include="Window\WinApp.h">
      <Filter>ソースファイル&amp;ヘッダーファイル\WinApp</Filter>
    </ClInclude>
    <ClInclude Include="3D\Object3d.h">
      <Filter>ソースファイル&amp;ヘッダーファイル\Object\3D\OBJ</Filter>
    </ClInclude>
    <ClInclude Include="3D\Model.h">
      <Filter>ソースファイル&amp;ヘッダーファイル\Object\3D\OBJ</Filter>
    </ClInclude>
    <ClInclude Include="Scene\EndScene.h">
      <Filter>ソースファイル&amp;ヘッダーファイル\Scene\Game</Filter>
    </ClInclude>
  </ItemGroup>
  <ItemGroup>
    <None Include="Resources\Shaders\ADSShaderHeader.hlsli">
      <Filter>シェーダーファイル\ADS</Filter>
    </None>
    <None Include="Resources\Shaders\FBXShaderHeader.hlsli">
      <Filter>シェーダーファイル\FBX</Filter>
    </None>
    <None Include="Resources\Shaders\MonochromaticShaderHeader.hlsli">
      <Filter>シェーダーファイル\Mono</Filter>
    </None>
    <None Include="Resources\Shaders\PostEffect.hlsli">
      <Filter>シェーダーファイル\PostEffect</Filter>
    </None>
    <None Include="Resources\Shaders\Particle.hlsli">
      <Filter>シェーダーファイル\Particle</Filter>
    </None>
    <None Include="Resources\Shaders\SpecularMapShaderHeader.hlsli">
      <Filter>シェーダーファイル\Specular</Filter>
    </None>
    <None Include="Resources\Shaders\TextureBlendShaderHeader.hlsli">
      <Filter>シェーダーファイル\Blend</Filter>
    </None>
    <None Include="Resources\Shaders\ToonShaderHeader.hlsli">
      <Filter>シェーダーファイル\Toon</Filter>
    </None>
    <None Include="Resources\Shaders\Sprite.hlsli">
      <Filter>シェーダーファイル\Sprite</Filter>
    </None>
  </ItemGroup>
  <ItemGroup>
    <Filter Include="シェーダーファイル">
      <UniqueIdentifier>{0ed7ae34-a622-4a27-aa1b-af20adc190fc}</UniqueIdentifier>
    </Filter>
    <Filter Include="シェーダーファイル\ADS">
      <UniqueIdentifier>{aaff705a-db40-4e84-ba77-66e6a2087e1a}</UniqueIdentifier>
    </Filter>
    <Filter Include="シェーダーファイル\FBX">
      <UniqueIdentifier>{db9d6a77-0f66-4eaf-83f6-a2bb44a1c876}</UniqueIdentifier>
    </Filter>
    <Filter Include="シェーダーファイル\Mono">
      <UniqueIdentifier>{f025a8b6-3102-4811-a087-1e6692e493a6}</UniqueIdentifier>
    </Filter>
    <Filter Include="シェーダーファイル\PostEffect">
      <UniqueIdentifier>{88bacfd4-25e2-440a-815f-a74733b335d5}</UniqueIdentifier>
    </Filter>
    <Filter Include="シェーダーファイル\Particle">
      <UniqueIdentifier>{d337a75e-98cb-4489-92a4-7c8658432eb9}</UniqueIdentifier>
    </Filter>
    <Filter Include="シェーダーファイル\Specular">
      <UniqueIdentifier>{56d41ca5-14c2-4e67-8814-f44739cda294}</UniqueIdentifier>
    </Filter>
    <Filter Include="シェーダーファイル\Sprite">
      <UniqueIdentifier>{6a4bee03-1fb2-4ce5-9399-6ce3feef9e68}</UniqueIdentifier>
    </Filter>
    <Filter Include="シェーダーファイル\Toon">
      <UniqueIdentifier>{1cd3bed2-6a38-4272-87c8-9aae0f080f8c}</UniqueIdentifier>
    </Filter>
    <Filter Include="シェーダーファイル\Blend">
      <UniqueIdentifier>{60e6f9b2-4126-45e2-aa48-892382474ab0}</UniqueIdentifier>
    </Filter>
    <Filter Include="ソースファイル&amp;ヘッダーファイル">
      <UniqueIdentifier>{90b1f43d-e674-40c5-a70b-bd3b61897c12}</UniqueIdentifier>
    </Filter>
    <Filter Include="ソースファイル&amp;ヘッダーファイル\Audio">
      <UniqueIdentifier>{1328e188-7888-479a-9e66-2e0e60c06d5e}</UniqueIdentifier>
    </Filter>
    <Filter Include="ソースファイル&amp;ヘッダーファイル\Camera">
      <UniqueIdentifier>{12a62df2-2fe8-4004-8707-54afb75f2d2e}</UniqueIdentifier>
    </Filter>
    <Filter Include="ソースファイル&amp;ヘッダーファイル\Collision">
      <UniqueIdentifier>{d140b613-e1d0-4237-af0a-10466c8bdae0}</UniqueIdentifier>
    </Filter>
    <Filter Include="ソースファイル&amp;ヘッダーファイル\DebugText">
      <UniqueIdentifier>{65e239d6-b703-4cc1-a650-8d3e12705edb}</UniqueIdentifier>
    </Filter>
    <Filter Include="ソースファイル&amp;ヘッダーファイル\DirectXCommon">
      <UniqueIdentifier>{eef09347-827e-4e95-b928-fe737a4ca1ba}</UniqueIdentifier>
    </Filter>
    <Filter Include="ソースファイル&amp;ヘッダーファイル\Scene">
      <UniqueIdentifier>{6df25ea1-7f04-4b72-a33b-ec12e5dd676a}</UniqueIdentifier>
    </Filter>
    <Filter Include="ソースファイル&amp;ヘッダーファイル\Scene\Game">
      <UniqueIdentifier>{a04ad96d-953b-4ec0-89e7-c58aa249da64}</UniqueIdentifier>
    </Filter>
    <Filter Include="ソースファイル&amp;ヘッダーファイル\Scene\Others">
      <UniqueIdentifier>{91f115b3-9c9d-4def-87eb-09331600e9f5}</UniqueIdentifier>
    </Filter>
    <Filter Include="ソースファイル&amp;ヘッダーファイル\Object">
      <UniqueIdentifier>{4e87cd6f-5660-4156-b0fb-cf42d8580fcc}</UniqueIdentifier>
    </Filter>
    <Filter Include="ソースファイル&amp;ヘッダーファイル\Object\2D">
      <UniqueIdentifier>{18449efe-6b88-47ae-b0cc-a53e5e9df518}</UniqueIdentifier>
    </Filter>
    <Filter Include="ソースファイル&amp;ヘッダーファイル\Object\3D">
      <UniqueIdentifier>{edd742b3-2cd9-4d59-bbf9-d3528317afdf}</UniqueIdentifier>
    </Filter>
    <Filter Include="ソースファイル&amp;ヘッダーファイル\Input">
      <UniqueIdentifier>{3f12a419-9302-435d-9b26-de60e0565015}</UniqueIdentifier>
    </Filter>
    <Filter Include="ソースファイル&amp;ヘッダーファイル\Base">
      <UniqueIdentifier>{253b0da7-6c2f-421d-9f89-f6f806c343c1}</UniqueIdentifier>
    </Filter>
    <Filter Include="ソースファイル&amp;ヘッダーファイル\Lib">
      <UniqueIdentifier>{6518b140-c97e-40d8-829b-1c05814aa30a}</UniqueIdentifier>
    </Filter>
    <Filter Include="ソースファイル&amp;ヘッダーファイル\PostEffect">
      <UniqueIdentifier>{192ddfb3-6a24-4c13-bdde-e9d288e3a7e4}</UniqueIdentifier>
    </Filter>
    <Filter Include="ソースファイル&amp;ヘッダーファイル\Light">
      <UniqueIdentifier>{94bb4401-9d5a-42c0-9f4c-186d6f6ea1f2}</UniqueIdentifier>
    </Filter>
    <Filter Include="ソースファイル&amp;ヘッダーファイル\Particle">
      <UniqueIdentifier>{7b8e7f45-e808-483a-b1c8-08233acd9e32}</UniqueIdentifier>
    </Filter>
    <Filter Include="ソースファイル&amp;ヘッダーファイル\WinApp">
      <UniqueIdentifier>{fd7ed1fe-709e-4daf-9ab1-e39ea10d4f5a}</UniqueIdentifier>
    </Filter>
    <Filter Include="ソースファイル&amp;ヘッダーファイル\Object\3D\FBX">
      <UniqueIdentifier>{fd866620-c2b5-492b-b4ed-8ab164ed4d4c}</UniqueIdentifier>
    </Filter>
    <Filter Include="ソースファイル&amp;ヘッダーファイル\Object\3D\OBJ">
      <UniqueIdentifier>{d294f54a-4431-423d-8a5d-539cfd7ff2ac}</UniqueIdentifier>
    </Filter>
  </ItemGroup>
</Project>